
Microsoft Visual Studio Solution File, Format Version 12.00
# Visual Studio Version 17
VisualStudioVersion = 17.7.34031.279
MinimumVisualStudioVersion = 10.0.40219.1
Project("{FAE04EC0-301F-11D3-BF4B-00C04F79EFBC}") = "SpecFlowProject1", "SpecFlowProject1\SpecFlowProject1.csproj", "{C53EABF9-A1C6-4E1B-80B3-171F5EE2AD50}"
EndProject
Project("{FAE04EC0-301F-11D3-BF4B-00C04F79EFBC}") = "MyApplication", "MyApplication\MyApplication.csproj", "{861B8F6B-F64A-47C8-B564-660009E82384}"
EndProject
Global
	GlobalSection(SolutionConfigurationPlatforms) = preSolution
		Debug|Any CPU = Debug|Any CPU
		Release|Any CPU = Release|Any CPU
	EndGlobalSection
	GlobalSection(ProjectConfigurationPlatforms) = postSolution
		{C53EABF9-A1C6-4E1B-80B3-171F5EE2AD50}.Debug|Any CPU.ActiveCfg = Debug|Any CPU
		{C53EABF9-A1C6-4E1B-80B3-171F5EE2AD50}.Debug|Any CPU.Build.0 = Debug|Any CPU
		{C53EABF9-A1C6-4E1B-80B3-171F5EE2AD50}.Release|Any CPU.ActiveCfg = Release|Any CPU
		{C53EABF9-A1C6-4E1B-80B3-171F5EE2AD50}.Release|Any CPU.Build.0 = Release|Any CPU
		{861B8F6B-F64A-47C8-B564-660009E82384}.Debug|Any CPU.ActiveCfg = Debug|Any CPU
		{861B8F6B-F64A-47C8-B564-660009E82384}.Debug|Any CPU.Build.0 = Debug|Any CPU
		{861B8F6B-F64A-47C8-B564-660009E82384}.Release|Any CPU.ActiveCfg = Release|Any CPU
		{861B8F6B-F64A-47C8-B564-660009E82384}.Release|Any CPU.Build.0 = Release|Any CPU
	EndGlobalSection
	GlobalSection(SolutionProperties) = preSolution
		HideSolutionNode = FALSE
	EndGlobalSection
	GlobalSection(ExtensibilityGlobals) = postSolution
		SolutionGuid = {1E0EFA8B-6659-48BC-BF90-5FD1E477C212}
	EndGlobalSection
EndGlobal
